
Microsoft Visual Studio Solution File, Format Version 12.00
# Visual Studio Version 16
VisualStudioVersion = 16.0.30320.27
MinimumVisualStudioVersion = 10.0.40219.1
Project("{FAE04EC0-301F-11D3-BF4B-00C04F79EFBC}") = "CoreDemoOne", "CoreDemoOne\CoreDemoOne.csproj", "{3A804CBB-9CF0-4A0E-9B7E-EB1F5E73BB8F}"
EndProject
Global
	GlobalSection(SolutionConfigurationPlatforms) = preSolution
		Debug|Any CPU = Debug|Any CPU
		Release|Any CPU = Release|Any CPU
	EndGlobalSection
	GlobalSection(ProjectConfigurationPlatforms) = postSolution
		{3A804CBB-9CF0-4A0E-9B7E-EB1F5E73BB8F}.Debug|Any CPU.ActiveCfg = Debug|Any CPU
		{3A804CBB-9CF0-4A0E-9B7E-EB1F5E73BB8F}.Debug|Any CPU.Build.0 = Debug|Any CPU
		{3A804CBB-9CF0-4A0E-9B7E-EB1F5E73BB8F}.Release|Any CPU.ActiveCfg = Release|Any CPU
		{3A804CBB-9CF0-4A0E-9B7E-EB1F5E73BB8F}.Release|Any CPU.Build.0 = Release|Any CPU
	EndGlobalSection
	GlobalSection(SolutionProperties) = preSolution
		HideSolutionNode = FALSE
	EndGlobalSection
	GlobalSection(ExtensibilityGlobals) = postSolution
		SolutionGuid = {40A26959-7751-4C0B-8763-3DD929DF569E}
	EndGlobalSection
EndGlobal
